{
  "name": "practive",
  "version": "2.8.1",
  "lockfileVersion": 1,
  "requires": true,
  "dependencies": {
    "@nuxtjs/vuetify": {
      "version": "0.5.7",
      "resolved": "https://registry.npmjs.org/@nuxtjs/vuetify/-/vuetify-0.5.7.tgz",
      "integrity": "sha512-o3EocO64R6B08sR/B1jwX1i9beZiQxaqdnkLX1ysE0dShig1B2nzcbZ1Ak6AXI934FUuGDOGDf388ufH35jLTQ==",
      "requires": {
        "vuetify": "^1.5.16"
      }
    },
    "vuetify": {
      "version": "1.5.16",
      "resolved": "https://registry.npmjs.org/vuetify/-/vuetify-1.5.16.tgz",
      "integrity": "sha512-yBgOsfurKQkeS+l+rrTQZ2bFk0D9ezjHhkuVM5A/yVzcg62sY2nfYaq/H++uezBWC9WYFrp/5OmSocJQcWn9Qw=="
    }
  }
}
